
Microsoft Visual Studio Solution File, Format Version 12.00
# Visual Studio Version 16
VisualStudioVersion = 16.0.31005.135
MinimumVisualStudioVersion = 10.0.40219.1
Project("{FAE04EC0-301F-11D3-BF4B-00C04F79EFBC}") = "LearnuGitProject", "LearnuGitProject\LearnuGitProject.csproj", "{6EA4DFFE-427D-4ACA-A48F-2149BDC94480}"
EndProject
Global
	GlobalSection(SolutionConfigurationPlatforms) = preSolution
		Debug|Any CPU = Debug|Any CPU
		Release|Any CPU = Release|Any CPU
	EndGlobalSection
	GlobalSection(ProjectConfigurationPlatforms) = postSolution
		{6EA4DFFE-427D-4ACA-A48F-2149BDC94480}.Debug|Any CPU.ActiveCfg = Debug|Any CPU
		{6EA4DFFE-427D-4ACA-A48F-2149BDC94480}.Debug|Any CPU.Build.0 = Debug|Any CPU
		{6EA4DFFE-427D-4ACA-A48F-2149BDC94480}.Release|Any CPU.ActiveCfg = Release|Any CPU
		{6EA4DFFE-427D-4ACA-A48F-2149BDC94480}.Release|Any CPU.Build.0 = Release|Any CPU
	EndGlobalSection
	GlobalSection(SolutionProperties) = preSolution
		HideSolutionNode = FALSE
	EndGlobalSection
	GlobalSection(ExtensibilityGlobals) = postSolution
		SolutionGuid = {2D77DFEE-F5BB-4D88-9BF3-7C5921C6CF73}
	EndGlobalSection
EndGlobal
